Microsoft Visual Studio Solution File, Format Version 12.00
# Visual Studio Version 17
VisualStudioVersion = 17.10.34607.79
MinimumVisualStudioVersion = 10.0.40219.1
Project("{9A19103F-16F7-4668-BE54-9A1E7A4F7556}") = "Purview.Telemetry.SourceGenerator", "Purview.Telemetry.SourceGenerator\Purview.Telemetry.SourceGenerator.csproj", "{E1BF0474-5DD6-4BF0-B58B-B655857265B6}"
EndProject
Project("{2150E333-8FDC-42A3-9474-1A3956D46DE8}") = "Solution Items", "Solution Items", "{F3DAAC65-CE42-4DC0-A4E5-1BA42AAD0880}"
	ProjectSection(SolutionItems) = preProject
		.editorconfig = .editorconfig
		Directory.Build.props = Directory.Build.props
		Directory.Build.targets = Directory.Build.targets
		Directory.Packages.props = Directory.Packages.props
		global.json = global.json
	EndProjectSection
EndProject
Project("{2150E333-8FDC-42A3-9474-1A3956D46DE8}") = ".build-system", ".build-system", "{E718023A-6BA1-455B-936C-8EC3FC0D67AF}"
	ProjectSection(SolutionItems) = preProject
		.build-system\Directory.Build.props = .build-system\Directory.Build.props
		.build-system\Directory.Build.targets = .build-system\Directory.Build.targets
	EndProjectSection
EndProject
Project("{9A19103F-16F7-4668-BE54-9A1E7A4F7556}") = "Purview.Telemetry.SourceGenerator.IntegrationTests", "Purview.Telemetry.SourceGenerator.IntegrationTests\Purview.Telemetry.SourceGenerator.IntegrationTests.csproj", "{3572DA61-9CAA-4936-917B-B032E0863AD0}"
EndProject
Project("{2150E333-8FDC-42A3-9474-1A3956D46DE8}") = ".github", ".github", "{6590A7CF-EA90-49DD-AA46-F46634ED2391}"
EndProject
Project("{2150E333-8FDC-42A3-9474-1A3956D46DE8}") = "workflows", "workflows", "{7DCDD99F-4EC4-4920-8A1E-7C32023E8C7B}"
	ProjectSection(SolutionItems) = preProject
		..\.github\workflows\publish.yml = ..\.github\workflows\publish.yml
	EndProjectSection
EndProject
Project("{9A19103F-16F7-4668-BE54-9A1E7A4F7556}") = "TelemetryRoslynTestHarness", "TelemetryRoslynTestHarness\TelemetryRoslynTestHarness.csproj", "{2D4E0757-5DAF-465A-8B3D-1C1B770D54ED}"
EndProject
Project("{9A19103F-16F7-4668-BE54-9A1E7A4F7556}") = "PurviewTempProjectForAttributeTesting", "PurviewTempProjectForAttributeTesting\PurviewTempProjectForAttributeTesting.csproj", "{C03ADB88-EBBC-4A08-98AC-ABBA0D234266}"
EndProject
Global
	GlobalSection(SolutionConfigurationPlatforms) = preSolution
		Debug|Any CPU = Debug|Any CPU
		Release|Any CPU = Release|Any CPU
	EndGlobalSection
	GlobalSection(ProjectConfigurationPlatforms) = postSolution
		{C03ADB88-EBBC-4A08-98AC-ABBA0D234266}.Debug|Any CPU.ActiveCfg = Debug|Any CPU
		{C03ADB88-EBBC-4A08-98AC-ABBA0D234266}.Debug|Any CPU.Build.0 = Debug|Any CPU
		{C03ADB88-EBBC-4A08-98AC-ABBA0D234266}.Release|Any CPU.ActiveCfg = Release|Any CPU
		{C03ADB88-EBBC-4A08-98AC-ABBA0D234266}.Release|Any CPU.Build.0 = Release|Any CPU
		{E1BF0474-5DD6-4BF0-B58B-B655857265B6}.Debug|Any CPU.ActiveCfg = Debug|Any CPU
		{E1BF0474-5DD6-4BF0-B58B-B655857265B6}.Debug|Any CPU.Build.0 = Debug|Any CPU
		{E1BF0474-5DD6-4BF0-B58B-B655857265B6}.Release|Any CPU.ActiveCfg = Release|Any CPU
		{E1BF0474-5DD6-4BF0-B58B-B655857265B6}.Release|Any CPU.Build.0 = Release|Any CPU
		{3572DA61-9CAA-4936-917B-B032E0863AD0}.Debug|Any CPU.ActiveCfg = Debug|Any CPU
		{3572DA61-9CAA-4936-917B-B032E0863AD0}.Debug|Any CPU.Build.0 = Debug|Any CPU
		{3572DA61-9CAA-4936-917B-B032E0863AD0}.Release|Any CPU.ActiveCfg = Release|Any CPU
		{3572DA61-9CAA-4936-917B-B032E0863AD0}.Release|Any CPU.Build.0 = Release|Any CPU
		{2D4E0757-5DAF-465A-8B3D-1C1B770D54ED}.Debug|Any CPU.ActiveCfg = Debug|Any CPU
		{2D4E0757-5DAF-465A-8B3D-1C1B770D54ED}.Debug|Any CPU.Build.0 = Debug|Any CPU
		{2D4E0757-5DAF-465A-8B3D-1C1B770D54ED}.Release|Any CPU.ActiveCfg = Release|Any CPU
		{2D4E0757-5DAF-465A-8B3D-1C1B770D54ED}.Release|Any CPU.Build.0 = Release|Any CPU
	EndGlobalSection
	GlobalSection(SolutionProperties) = preSolution
		HideSolutionNode = FALSE
	EndGlobalSection
	GlobalSection(NestedProjects) = preSolution
		{E718023A-6BA1-455B-936C-8EC3FC0D67AF} = {F3DAAC65-CE42-4DC0-A4E5-1BA42AAD0880}
		{6590A7CF-EA90-49DD-AA46-F46634ED2391} = {F3DAAC65-CE42-4DC0-A4E5-1BA42AAD0880}
		{7DCDD99F-4EC4-4920-8A1E-7C32023E8C7B} = {6590A7CF-EA90-49DD-AA46-F46634ED2391}
	EndGlobalSection
	GlobalSection(ExtensibilityGlobals) = postSolution
		SolutionGuid = {278A9361-80FE-4B93-80B9-5865A4E15799}
	EndGlobalSection
EndGlobal
